
Microsoft Visual Studio Solution File, Format Version 12.00
# Visual Studio Version 17
VisualStudioVersion = 17.4.33103.184
MinimumVisualStudioVersion = 10.0.40219.1
Project("{FAE04EC0-301F-11D3-BF4B-00C04F79EFBC}") = "TTD_workshop_1", "TTD_workshop_1\TTD_workshop_1.csproj", "{8DA0E2CC-45BD-41DF-9C71-C2FE3C1E700C}"
EndProject
Project("{FAE04EC0-301F-11D3-BF4B-00C04F79EFBC}") = "Calculator.Tests", "Calculator.Tests\Calculator.Tests.csproj", "{4483DAC4-81F5-4937-B781-9F7FCBEBE37F}"
EndProject
Global
	GlobalSection(SolutionConfigurationPlatforms) = preSolution
		Debug|Any CPU = Debug|Any CPU
		Release|Any CPU = Release|Any CPU
	EndGlobalSection
	GlobalSection(ProjectConfigurationPlatforms) = postSolution
		{8DA0E2CC-45BD-41DF-9C71-C2FE3C1E700C}.Debug|Any CPU.ActiveCfg = Debug|Any CPU
		{8DA0E2CC-45BD-41DF-9C71-C2FE3C1E700C}.Debug|Any CPU.Build.0 = Debug|Any CPU
		{8DA0E2CC-45BD-41DF-9C71-C2FE3C1E700C}.Release|Any CPU.ActiveCfg = Release|Any CPU
		{8DA0E2CC-45BD-41DF-9C71-C2FE3C1E700C}.Release|Any CPU.Build.0 = Release|Any CPU
		{4483DAC4-81F5-4937-B781-9F7FCBEBE37F}.Debug|Any CPU.ActiveCfg = Debug|Any CPU
		{4483DAC4-81F5-4937-B781-9F7FCBEBE37F}.Debug|Any CPU.Build.0 = Debug|Any CPU
		{4483DAC4-81F5-4937-B781-9F7FCBEBE37F}.Release|Any CPU.ActiveCfg = Release|Any CPU
		{4483DAC4-81F5-4937-B781-9F7FCBEBE37F}.Release|Any CPU.Build.0 = Release|Any CPU
	EndGlobalSection
	GlobalSection(SolutionProperties) = preSolution
		HideSolutionNode = FALSE
	EndGlobalSection
	GlobalSection(ExtensibilityGlobals) = postSolution
		SolutionGuid = {0EF1F650-96CE-4A47-9324-550046A0723E}
	EndGlobalSection
EndGlobal
